// !$*UTF8*$!
{
	archiveVersion = 1;
	classes = {
	};
	objectVersion = 56;
	objects = {

/* Begin PBXBuildFile section */
		C70167332B34AF4E0085A33D /* NSPersistentContainer+Extensions.swift in Sources */ = {isa = PBXBuildFile; fileRef = C70167322B34AF4E0085A33D /* NSPersistentContainer+Extensions.swift */; };
		C70167822B34BBF50085A33D /* WidgetKit.framework in Frameworks */ = {isa = PBXBuildFile; fileRef = C70167552B34BA310085A33D /* WidgetKit.framework */; };
		C70167832B34BBF50085A33D /* SwiftUI.framework in Frameworks */ = {isa = PBXBuildFile; fileRef = C70167572B34BA310085A33D /* SwiftUI.framework */; };
		C70167862B34BBF50085A33D /* HabitWidgetBundle.swift in Sources */ = {isa = PBXBuildFile; fileRef = C70167852B34BBF50085A33D /* HabitWidgetBundle.swift */; };
		C70167882B34BBF50085A33D /* HabitWidget.swift in Sources */ = {isa = PBXBuildFile; fileRef = C70167872B34BBF50085A33D /* HabitWidget.swift */; };
		C701678A2B34BBF60085A33D /* Assets.xcassets in Resources */ = {isa = PBXBuildFile; fileRef = C70167892B34BBF60085A33D /* Assets.xcassets */; };
		C701678E2B34BBF60085A33D /* HabitWidgetExtension.appex in Embed Foundation Extensions */ = {isa = PBXBuildFile; fileRef = C70167812B34BBF50085A33D /* HabitWidgetExtension.appex */; settings = {ATTRIBUTES = (RemoveHeadersOnCopy, ); }; };
		C70167952B34BC320085A33D /* HabitWidgetIntents.intentdefinition in Sources */ = {isa = PBXBuildFile; fileRef = C70167942B34BC320085A33D /* HabitWidgetIntents.intentdefinition */; };
		C70167962B34BC320085A33D /* HabitWidgetIntents.intentdefinition in Sources */ = {isa = PBXBuildFile; fileRef = C70167942B34BC320085A33D /* HabitWidgetIntents.intentdefinition */; };
		C70167982B34BE590085A33D /* HabitWidget.swift in Sources */ = {isa = PBXBuildFile; fileRef = C70167872B34BBF50085A33D /* HabitWidget.swift */; };
		C701679E2B34C2330085A33D /* Intents.framework in Frameworks */ = {isa = PBXBuildFile; fileRef = C701676F2B34BA780085A33D /* Intents.framework */; };
		C70167A12B34C2330085A33D /* IntentHandler.swift in Sources */ = {isa = PBXBuildFile; fileRef = C70167A02B34C2330085A33D /* IntentHandler.swift */; };
		C70167A52B34C2330085A33D /* HabitProgressIntentExtension.appex in Embed Foundation Extensions */ = {isa = PBXBuildFile; fileRef = C701679D2B34C2330085A33D /* HabitProgressIntentExtension.appex */; settings = {ATTRIBUTES = (RemoveHeadersOnCopy, ); }; };
		C70167AA2B34C2670085A33D /* HabitWidgetIntents.intentdefinition in Sources */ = {isa = PBXBuildFile; fileRef = C70167942B34BC320085A33D /* HabitWidgetIntents.intentdefinition */; };
		C70167AB2B34C2D50085A33D /* DataManager.swift in Sources */ = {isa = PBXBuildFile; fileRef = C73D06AC292815DA0055B13B /* DataManager.swift */; };
		C70167AC2B34C2F50085A33D /* NSPersistentContainer+Extensions.swift in Sources */ = {isa = PBXBuildFile; fileRef = C70167322B34AF4E0085A33D /* NSPersistentContainer+Extensions.swift */; };
		C70167AD2B34C3050085A33D /* Double+Extensions.swift in Sources */ = {isa = PBXBuildFile; fileRef = C73D06D42929D9160055B13B /* Double+Extensions.swift */; };
		C70167AE2B34C3050085A33D /* Color+Extensions.swift in Sources */ = {isa = PBXBuildFile; fileRef = C7B020FE2935340B00462E1F /* Color+Extensions.swift */; };
		C70167AF2B34C3050085A33D /* View+Extensions.swift in Sources */ = {isa = PBXBuildFile; fileRef = C7889C5F292D5A630064D89C /* View+Extensions.swift */; };
		C70167B02B34C3050085A33D /* Date+Extensions.swift in Sources */ = {isa = PBXBuildFile; fileRef = C7770466295B997500C24952 /* Date+Extensions.swift */; };
		C70167B12B34C3050085A33D /* Button+Extensions.swift in Sources */ = {isa = PBXBuildFile; fileRef = C7AD52522960B8D000EA4221 /* Button+Extensions.swift */; };
		C70167B22B34C3050085A33D /* Calendar+Extensions.swift in Sources */ = {isa = PBXBuildFile; fileRef = C73D06B0292816670055B13B /* Calendar+Extensions.swift */; };
		C70167B32B34C3050085A33D /* Array+Extensions.swift in Sources */ = {isa = PBXBuildFile; fileRef = C73959572AC8840200A96DEC /* Array+Extensions.swift */; };
		C70167B42B34C3060085A33D /* Double+Extensions.swift in Sources */ = {isa = PBXBuildFile; fileRef = C73D06D42929D9160055B13B /* Double+Extensions.swift */; };
		C70167B52B34C3060085A33D /* Color+Extensions.swift in Sources */ = {isa = PBXBuildFile; fileRef = C7B020FE2935340B00462E1F /* Color+Extensions.swift */; };
		C70167B62B34C3060085A33D /* View+Extensions.swift in Sources */ = {isa = PBXBuildFile; fileRef = C7889C5F292D5A630064D89C /* View+Extensions.swift */; };
		C70167B72B34C3060085A33D /* Date+Extensions.swift in Sources */ = {isa = PBXBuildFile; fileRef = C7770466295B997500C24952 /* Date+Extensions.swift */; };
		C70167B82B34C3060085A33D /* Button+Extensions.swift in Sources */ = {isa = PBXBuildFile; fileRef = C7AD52522960B8D000EA4221 /* Button+Extensions.swift */; };
		C70167B92B34C3060085A33D /* Calendar+Extensions.swift in Sources */ = {isa = PBXBuildFile; fileRef = C73D06B0292816670055B13B /* Calendar+Extensions.swift */; };
		C70167BA2B34C3060085A33D /* Array+Extensions.swift in Sources */ = {isa = PBXBuildFile; fileRef = C73959572AC8840200A96DEC /* Array+Extensions.swift */; };
		C70167BB2B34C3060085A33D /* NSPersistentContainer+Extensions.swift in Sources */ = {isa = PBXBuildFile; fileRef = C70167322B34AF4E0085A33D /* NSPersistentContainer+Extensions.swift */; };
		C70167BC2B34C3130085A33D /* Habit.swift in Sources */ = {isa = PBXBuildFile; fileRef = C73D06AE292816160055B13B /* Habit.swift */; };
		C70167BD2B34C3140085A33D /* Habit.swift in Sources */ = {isa = PBXBuildFile; fileRef = C73D06AE292816160055B13B /* Habit.swift */; };
		C70167BE2B34C32C0085A33D /* DataManager.swift in Sources */ = {isa = PBXBuildFile; fileRef = C73D06AC292815DA0055B13B /* DataManager.swift */; };
		C70167BF2B34C3400085A33D /* CoreDataModel.xcdatamodeld in Sources */ = {isa = PBXBuildFile; fileRef = C73D06A9292815B30055B13B /* CoreDataModel.xcdatamodeld */; };
		C70167C02B34C3400085A33D /* CoreDataModel.xcdatamodeld in Sources */ = {isa = PBXBuildFile; fileRef = C73D06A9292815B30055B13B /* CoreDataModel.xcdatamodeld */; };
		C70167C12B34C36F0085A33D /* UserNotificationsManager.swift in Sources */ = {isa = PBXBuildFile; fileRef = C794AFE72A6464FC00D8A864 /* UserNotificationsManager.swift */; };
		C70167C22B34C3700085A33D /* UserNotificationsManager.swift in Sources */ = {isa = PBXBuildFile; fileRef = C794AFE72A6464FC00D8A864 /* UserNotificationsManager.swift */; };
		C723852129405E7E00901B43 /* CalendarView.swift in Sources */ = {isa = PBXBuildFile; fileRef = C723852029405E7E00901B43 /* CalendarView.swift */; };
		C73959562AC7A67E00A96DEC /* NumericTextField.swift in Sources */ = {isa = PBXBuildFile; fileRef = C73959552AC7A67E00A96DEC /* NumericTextField.swift */; };
		C73959582AC8840200A96DEC /* Array+Extensions.swift in Sources */ = {isa = PBXBuildFile; fileRef = C73959572AC8840200A96DEC /* Array+Extensions.swift */; };
		C739595A2AC88EF500A96DEC /* OnDayChange.swift in Sources */ = {isa = PBXBuildFile; fileRef = C73959592AC88EF500A96DEC /* OnDayChange.swift */; };
		C73D067C292815370055B13B /* IntentApp.swift in Sources */ = {isa = PBXBuildFile; fileRef = C73D067B292815370055B13B /* IntentApp.swift */; };
		C73D067E292815370055B13B /* ContentView.swift in Sources */ = {isa = PBXBuildFile; fileRef = C73D067D292815370055B13B /* ContentView.swift */; };
		C73D0680292815380055B13B /* Assets.xcassets in Resources */ = {isa = PBXBuildFile; fileRef = C73D067F292815380055B13B /* Assets.xcassets */; };
		C73D0683292815380055B13B /* Preview Assets.xcassets in Resources */ = {isa = PBXBuildFile; fileRef = C73D0682292815380055B13B /* Preview Assets.xcassets */; };
		C73D06AB292815B30055B13B /* CoreDataModel.xcdatamodeld in Sources */ = {isa = PBXBuildFile; fileRef = C73D06A9292815B30055B13B /* CoreDataModel.xcdatamodeld */; };
		C73D06AD292815DA0055B13B /* DataManager.swift in Sources */ = {isa = PBXBuildFile; fileRef = C73D06AC292815DA0055B13B /* DataManager.swift */; };
		C73D06AF292816160055B13B /* Habit.swift in Sources */ = {isa = PBXBuildFile; fileRef = C73D06AE292816160055B13B /* Habit.swift */; };
		C73D06B1292816670055B13B /* Calendar+Extensions.swift in Sources */ = {isa = PBXBuildFile; fileRef = C73D06B0292816670055B13B /* Calendar+Extensions.swift */; };
		C73D06B3292817140055B13B /* HabitTests.swift in Sources */ = {isa = PBXBuildFile; fileRef = C73D06B2292817140055B13B /* HabitTests.swift */; };
		C73D06D52929D9160055B13B /* Double+Extensions.swift in Sources */ = {isa = PBXBuildFile; fileRef = C73D06D42929D9160055B13B /* Double+Extensions.swift */; };
		C73F2D7529596C590042EF63 /* HabitEditorView.swift in Sources */ = {isa = PBXBuildFile; fileRef = C73F2D7429596C590042EF63 /* HabitEditorView.swift */; };
		C745B3762A2BA03C00393763 /* ContentViewWrapper.swift in Sources */ = {isa = PBXBuildFile; fileRef = C745B3752A2BA03C00393763 /* ContentViewWrapper.swift */; };
		C74A40672B006F35006395DA /* PartialCircle.swift in Sources */ = {isa = PBXBuildFile; fileRef = C74A40662B006F35006395DA /* PartialCircle.swift */; };
		C76611FA295AB64200798DF1 /* SymbolPicker.swift in Sources */ = {isa = PBXBuildFile; fileRef = C76611F9295AB64200798DF1 /* SymbolPicker.swift */; };
		C76611FC295AB65F00798DF1 /* sfsymbols.txt in Resources */ = {isa = PBXBuildFile; fileRef = C76611FB295AB65F00798DF1 /* sfsymbols.txt */; };
		C76DC9012AAEB54D0092A35C /* WeekdayPicker.swift in Sources */ = {isa = PBXBuildFile; fileRef = C76DC9002AAEB54D0092A35C /* WeekdayPicker.swift */; };
		C76DC9032AAEBC9F0092A35C /* NotificationEditorView.swift in Sources */ = {isa = PBXBuildFile; fileRef = C76DC9022AAEBC9F0092A35C /* NotificationEditorView.swift */; };
		C76DC9052AAEC6DE0092A35C /* MonthlyPicker.swift in Sources */ = {isa = PBXBuildFile; fileRef = C76DC9042AAEC6DE0092A35C /* MonthlyPicker.swift */; };
		C7770467295B997500C24952 /* Date+Extensions.swift in Sources */ = {isa = PBXBuildFile; fileRef = C7770466295B997500C24952 /* Date+Extensions.swift */; };
		C7889C60292D5A630064D89C /* View+Extensions.swift in Sources */ = {isa = PBXBuildFile; fileRef = C7889C5F292D5A630064D89C /* View+Extensions.swift */; };
		C794AFE82A6464FC00D8A864 /* UserNotificationsManager.swift in Sources */ = {isa = PBXBuildFile; fileRef = C794AFE72A6464FC00D8A864 /* UserNotificationsManager.swift */; };
		C79F66872A24336800DB0A04 /* HabitGroupView.swift in Sources */ = {isa = PBXBuildFile; fileRef = C79F66862A24336800DB0A04 /* HabitGroupView.swift */; };
		C79F66892A24346700DB0A04 /* HabitGroupGridItem.swift in Sources */ = {isa = PBXBuildFile; fileRef = C79F66882A24346700DB0A04 /* HabitGroupGridItem.swift */; };
		C7ACD417296E332500AFF9AF /* SettingsView.swift in Sources */ = {isa = PBXBuildFile; fileRef = C7ACD416296E332500AFF9AF /* SettingsView.swift */; };
		C7ACD419296E3C6600AFF9AF /* ComposeMailView.swift in Sources */ = {isa = PBXBuildFile; fileRef = C7ACD418296E3C6600AFF9AF /* ComposeMailView.swift */; };
		C7ACD41B296E3F1700AFF9AF /* PrivacyPolicy.rtf in Resources */ = {isa = PBXBuildFile; fileRef = C7ACD41A296E3F1700AFF9AF /* PrivacyPolicy.rtf */; };
		C7AD52532960B8D000EA4221 /* Button+Extensions.swift in Sources */ = {isa = PBXBuildFile; fileRef = C7AD52522960B8D000EA4221 /* Button+Extensions.swift */; };
		C7AD52552960E54A00EA4221 /* PlaceholderHabitView.swift in Sources */ = {isa = PBXBuildFile; fileRef = C7AD52542960E54A00EA4221 /* PlaceholderHabitView.swift */; };
		C7B020FF2935340B00462E1F /* Color+Extensions.swift in Sources */ = {isa = PBXBuildFile; fileRef = C7B020FE2935340B00462E1F /* Color+Extensions.swift */; };
		C7B021012935362600462E1F /* HabitView.swift in Sources */ = {isa = PBXBuildFile; fileRef = C7B021002935362600462E1F /* HabitView.swift */; };
		C7B021032935372600462E1F /* HabitDetailView.swift in Sources */ = {isa = PBXBuildFile; fileRef = C7B021022935372600462E1F /* HabitDetailView.swift */; };
		C7CFE829293F0A4300A89AAD /* ScrollView.swift in Sources */ = {isa = PBXBuildFile; fileRef = C7CFE828293F0A4300A89AAD /* ScrollView.swift */; };
		C7D228162A32C05E00E4990C /* curatedsfsymbols.txt in Resources */ = {isa = PBXBuildFile; fileRef = C7D228152A32C05E00E4990C /* curatedsfsymbols.txt */; };
		C7D836F92B350C25004B6A3E /* PartialCircle.swift in Sources */ = {isa = PBXBuildFile; fileRef = C74A40662B006F35006395DA /* PartialCircle.swift */; };
		C7DC9FE52965036B0055ACEC /* HabitEditorConfig.swift in Sources */ = {isa = PBXBuildFile; fileRef = C7DC9FE42965036B0055ACEC /* HabitEditorConfig.swift */; };
/* End PBXBuildFile section */

/* Begin PBXContainerItemProxy section */
		C701678C2B34BBF60085A33D /* PBXContainerItemProxy */ = {
			isa = PBXContainerItemProxy;
			containerPortal = C73D0670292815370055B13B /* Project object */;
			proxyType = 1;
			remoteGlobalIDString = C70167802B34BBF50085A33D;
			remoteInfo = HabitWidgetExtension;
		};
		C70167A32B34C2330085A33D /* PBXContainerItemProxy */ = {
			isa = PBXContainerItemProxy;
			containerPortal = C73D0670292815370055B13B /* Project object */;
			proxyType = 1;
			remoteGlobalIDString = C701679C2B34C2330085A33D;
			remoteInfo = HabitProgressIntentExtension;
		};
		C73D0689292815380055B13B /* PBXContainerItemProxy */ = {
			isa = PBXContainerItemProxy;
			containerPortal = C73D0670292815370055B13B /* Project object */;
			proxyType = 1;
			remoteGlobalIDString = C73D0677292815370055B13B;
			remoteInfo = Intent;
		};
/* End PBXContainerItemProxy section */

/* Begin PBXCopyFilesBuildPhase section */
		C70167662B34BA320085A33D /* Embed Foundation Extensions */ = {
			isa = PBXCopyFilesBuildPhase;
			buildActionMask = 2147483647;
			dstPath = "";
			dstSubfolderSpec = 13;
			files = (
				C70167A52B34C2330085A33D /* HabitProgressIntentExtension.appex in Embed Foundation Extensions */,
				C701678E2B34BBF60085A33D /* HabitWidgetExtension.appex in Embed Foundation Extensions */,
			);
			name = "Embed Foundation Extensions";
			runOnlyForDeploymentPostprocessing = 0;
		};
/* End PBXCopyFilesBuildPhase section */

/* Begin PBXFileReference section */
		C70167312B33A76C0085A33D /* Intent.entitlements */ = {isa = PBXFileReference; lastKnownFileType = text.plist.entitlements; path = Intent.entitlements; sourceTree = "<group>"; };
		C70167322B34AF4E0085A33D /* NSPersistentContainer+Extensions.swift */ = {isa = PBXFileReference; lastKnownFileType = sourcecode.swift; path = "NSPersistentContainer+Extensions.swift"; sourceTree = "<group>"; };
		C70167552B34BA310085A33D /* WidgetKit.framework */ = {isa = PBXFileReference; lastKnownFileType = wrapper.framework; name = WidgetKit.framework; path = System/Library/Frameworks/WidgetKit.framework; sourceTree = SDKROOT; };
		C70167572B34BA310085A33D /* SwiftUI.framework */ = {isa = PBXFileReference; lastKnownFileType = wrapper.framework; name = SwiftUI.framework; path = System/Library/Frameworks/SwiftUI.framework; sourceTree = SDKROOT; };
		C701676F2B34BA780085A33D /* Intents.framework */ = {isa = PBXFileReference; lastKnownFileType = wrapper.framework; name = Intents.framework; path = System/Library/Frameworks/Intents.framework; sourceTree = SDKROOT; };
		C701677B2B34BAB20085A33D /* HabitWidgetExtension.entitlements */ = {isa = PBXFileReference; lastKnownFileType = text.plist.entitlements; path = HabitWidgetExtension.entitlements; sourceTree = "<group>"; };
		C70167812B34BBF50085A33D /* HabitWidgetExtension.appex */ = {isa = PBXFileReference; explicitFileType = "wrapper.app-extension"; includeInIndex = 0; path = HabitWidgetExtension.appex; sourceTree = BUILT_PRODUCTS_DIR; };
		C70167852B34BBF50085A33D /* HabitWidgetBundle.swift */ = {isa = PBXFileReference; lastKnownFileType = sourcecode.swift; path = HabitWidgetBundle.swift; sourceTree = "<group>"; };
		C70167872B34BBF50085A33D /* HabitWidget.swift */ = {isa = PBXFileReference; lastKnownFileType = sourcecode.swift; path = HabitWidget.swift; sourceTree = "<group>"; };
		C70167892B34BBF60085A33D /* Assets.xcassets */ = {isa = PBXFileReference; lastKnownFileType = folder.assetcatalog; path = Assets.xcassets; sourceTree = "<group>"; };
		C701678B2B34BBF60085A33D /* Info.plist */ = {isa = PBXFileReference; lastKnownFileType = text.plist.xml; path = Info.plist; sourceTree = "<group>"; };
		C70167942B34BC320085A33D /* HabitWidgetIntents.intentdefinition */ = {isa = PBXFileReference; lastKnownFileType = file.intentdefinition; path = HabitWidgetIntents.intentdefinition; sourceTree = "<group>"; };
		C70167972B34BC3D0085A33D /* Info.plist */ = {isa = PBXFileReference; lastKnownFileType = text.plist; path = Info.plist; sourceTree = "<group>"; };
		C701679D2B34C2330085A33D /* HabitProgressIntentExtension.appex */ = {isa = PBXFileReference; explicitFileType = "wrapper.app-extension"; includeInIndex = 0; path = HabitProgressIntentExtension.appex; sourceTree = BUILT_PRODUCTS_DIR; };
		C70167A02B34C2330085A33D /* IntentHandler.swift */ = {isa = PBXFileReference; lastKnownFileType = sourcecode.swift; path = IntentHandler.swift; sourceTree = "<group>"; };
		C70167A22B34C2330085A33D /* Info.plist */ = {isa = PBXFileReference; lastKnownFileType = text.plist.xml; path = Info.plist; sourceTree = "<group>"; };
		C70167A92B34C23A0085A33D /* HabitProgressIntentExtension.entitlements */ = {isa = PBXFileReference; lastKnownFileType = text.plist.entitlements; path = HabitProgressIntentExtension.entitlements; sourceTree = "<group>"; };
		C723852029405E7E00901B43 /* CalendarView.swift */ = {isa = PBXFileReference; lastKnownFileType = sourcecode.swift; path = CalendarView.swift; sourceTree = "<group>"; };
		C73959552AC7A67E00A96DEC /* NumericTextField.swift */ = {isa = PBXFileReference; lastKnownFileType = sourcecode.swift; path = NumericTextField.swift; sourceTree = "<group>"; };
		C73959572AC8840200A96DEC /* Array+Extensions.swift */ = {isa = PBXFileReference; lastKnownFileType = sourcecode.swift; path = "Array+Extensions.swift"; sourceTree = "<group>"; };
		C73959592AC88EF500A96DEC /* OnDayChange.swift */ = {isa = PBXFileReference; lastKnownFileType = sourcecode.swift; path = OnDayChange.swift; sourceTree = "<group>"; };
		C73D0678292815370055B13B /* Intent.app */ = {isa = PBXFileReference; explicitFileType = wrapper.application; includeInIndex = 0; path = Intent.app; sourceTree = BUILT_PRODUCTS_DIR; };
		C73D067B292815370055B13B /* IntentApp.swift */ = {isa = PBXFileReference; lastKnownFileType = sourcecode.swift; path = IntentApp.swift; sourceTree = "<group>"; };
		C73D067D292815370055B13B /* ContentView.swift */ = {isa = PBXFileReference; lastKnownFileType = sourcecode.swift; path = ContentView.swift; sourceTree = "<group>"; };
		C73D067F292815380055B13B /* Assets.xcassets */ = {isa = PBXFileReference; lastKnownFileType = folder.assetcatalog; path = Assets.xcassets; sourceTree = "<group>"; };
		C73D0682292815380055B13B /* Preview Assets.xcassets */ = {isa = PBXFileReference; lastKnownFileType = folder.assetcatalog; path = "Preview Assets.xcassets"; sourceTree = "<group>"; };
		C73D0688292815380055B13B /* IntentTests.xctest */ = {isa = PBXFileReference; explicitFileType = wrapper.cfbundle; includeInIndex = 0; path = IntentTests.xctest; sourceTree = BUILT_PRODUCTS_DIR; };
		C73D06AA292815B30055B13B /* CoreDataModel.xcdatamodel */ = {isa = PBXFileReference; lastKnownFileType = wrapper.xcdatamodel; path = CoreDataModel.xcdatamodel; sourceTree = "<group>"; };
		C73D06AC292815DA0055B13B /* DataManager.swift */ = {isa = PBXFileReference; lastKnownFileType = sourcecode.swift; path = DataManager.swift; sourceTree = "<group>"; };
		C73D06AE292816160055B13B /* Habit.swift */ = {isa = PBXFileReference; lastKnownFileType = sourcecode.swift; path = Habit.swift; sourceTree = "<group>"; };
		C73D06B0292816670055B13B /* Calendar+Extensions.swift */ = {isa = PBXFileReference; lastKnownFileType = sourcecode.swift; path = "Calendar+Extensions.swift"; sourceTree = "<group>"; };
		C73D06B2292817140055B13B /* HabitTests.swift */ = {isa = PBXFileReference; lastKnownFileType = sourcecode.swift; path = HabitTests.swift; sourceTree = "<group>"; };
		C73D06D42929D9160055B13B /* Double+Extensions.swift */ = {isa = PBXFileReference; lastKnownFileType = sourcecode.swift; path = "Double+Extensions.swift"; sourceTree = "<group>"; };
		C73F2D7429596C590042EF63 /* HabitEditorView.swift */ = {isa = PBXFileReference; lastKnownFileType = sourcecode.swift; path = HabitEditorView.swift; sourceTree = "<group>"; };
		C745B3752A2BA03C00393763 /* ContentViewWrapper.swift */ = {isa = PBXFileReference; lastKnownFileType = sourcecode.swift; path = ContentViewWrapper.swift; sourceTree = "<group>"; };
		C74A40662B006F35006395DA /* PartialCircle.swift */ = {isa = PBXFileReference; lastKnownFileType = sourcecode.swift; path = PartialCircle.swift; sourceTree = "<group>"; };
		C76611F9295AB64200798DF1 /* SymbolPicker.swift */ = {isa = PBXFileReference; lastKnownFileType = sourcecode.swift; path = SymbolPicker.swift; sourceTree = "<group>"; };
		C76611FB295AB65F00798DF1 /* sfsymbols.txt */ = {isa = PBXFileReference; lastKnownFileType = text; path = sfsymbols.txt; sourceTree = "<group>"; };
		C76DC9002AAEB54D0092A35C /* WeekdayPicker.swift */ = {isa = PBXFileReference; lastKnownFileType = sourcecode.swift; path = WeekdayPicker.swift; sourceTree = "<group>"; };
		C76DC9022AAEBC9F0092A35C /* NotificationEditorView.swift */ = {isa = PBXFileReference; lastKnownFileType = sourcecode.swift; path = NotificationEditorView.swift; sourceTree = "<group>"; };
		C76DC9042AAEC6DE0092A35C /* MonthlyPicker.swift */ = {isa = PBXFileReference; lastKnownFileType = sourcecode.swift; path = MonthlyPicker.swift; sourceTree = "<group>"; };
		C7770466295B997500C24952 /* Date+Extensions.swift */ = {isa = PBXFileReference; lastKnownFileType = sourcecode.swift; path = "Date+Extensions.swift"; sourceTree = "<group>"; };
		C7889C5F292D5A630064D89C /* View+Extensions.swift */ = {isa = PBXFileReference; lastKnownFileType = sourcecode.swift; path = "View+Extensions.swift"; sourceTree = "<group>"; };
		C794AFE72A6464FC00D8A864 /* UserNotificationsManager.swift */ = {isa = PBXFileReference; lastKnownFileType = sourcecode.swift; path = UserNotificationsManager.swift; sourceTree = "<group>"; };
		C79F66862A24336800DB0A04 /* HabitGroupView.swift */ = {isa = PBXFileReference; lastKnownFileType = sourcecode.swift; path = HabitGroupView.swift; sourceTree = "<group>"; };
		C79F66882A24346700DB0A04 /* HabitGroupGridItem.swift */ = {isa = PBXFileReference; lastKnownFileType = sourcecode.swift; path = HabitGroupGridItem.swift; sourceTree = "<group>"; };
		C7ACD416296E332500AFF9AF /* SettingsView.swift */ = {isa = PBXFileReference; lastKnownFileType = sourcecode.swift; path = SettingsView.swift; sourceTree = "<group>"; };
		C7ACD418296E3C6600AFF9AF /* ComposeMailView.swift */ = {isa = PBXFileReference; lastKnownFileType = sourcecode.swift; path = ComposeMailView.swift; sourceTree = "<group>"; };
		C7ACD41A296E3F1700AFF9AF /* PrivacyPolicy.rtf */ = {isa = PBXFileReference; lastKnownFileType = text.rtf; path = PrivacyPolicy.rtf; sourceTree = "<group>"; };
		C7AD52522960B8D000EA4221 /* Button+Extensions.swift */ = {isa = PBXFileReference; lastKnownFileType = sourcecode.swift; path = "Button+Extensions.swift"; sourceTree = "<group>"; };
		C7AD52542960E54A00EA4221 /* PlaceholderHabitView.swift */ = {isa = PBXFileReference; lastKnownFileType = sourcecode.swift; path = PlaceholderHabitView.swift; sourceTree = "<group>"; };
		C7B020FE2935340B00462E1F /* Color+Extensions.swift */ = {isa = PBXFileReference; lastKnownFileType = sourcecode.swift; path = "Color+Extensions.swift"; sourceTree = "<group>"; };
		C7B021002935362600462E1F /* HabitView.swift */ = {isa = PBXFileReference; lastKnownFileType = sourcecode.swift; path = HabitView.swift; sourceTree = "<group>"; };
		C7B021022935372600462E1F /* HabitDetailView.swift */ = {isa = PBXFileReference; lastKnownFileType = sourcecode.swift; path = HabitDetailView.swift; sourceTree = "<group>"; };
		C7CFE828293F0A4300A89AAD /* ScrollView.swift */ = {isa = PBXFileReference; lastKnownFileType = sourcecode.swift; path = ScrollView.swift; sourceTree = "<group>"; };
		C7D228152A32C05E00E4990C /* curatedsfsymbols.txt */ = {isa = PBXFileReference; lastKnownFileType = text; path = curatedsfsymbols.txt; sourceTree = "<group>"; };
		C7DC9FE42965036B0055ACEC /* HabitEditorConfig.swift */ = {isa = PBXFileReference; lastKnownFileType = sourcecode.swift; path = HabitEditorConfig.swift; sourceTree = "<group>"; };
/* End PBXFileReference section */

/* Begin PBXFrameworksBuildPhase section */
		C701677E2B34BBF50085A33D /* Frameworks */ = {
			isa = PBXFrameworksBuildPhase;
			buildActionMask = 2147483647;
			files = (
				C70167832B34BBF50085A33D /* SwiftUI.framework in Frameworks */,
				C70167822B34BBF50085A33D /* WidgetKit.framework in Frameworks */,
			);
			runOnlyForDeploymentPostprocessing = 0;
		};
		C701679A2B34C2330085A33D /* Frameworks */ = {
			isa = PBXFrameworksBuildPhase;
			buildActionMask = 2147483647;
			files = (
				C701679E2B34C2330085A33D /* Intents.framework in Frameworks */,
			);
			runOnlyForDeploymentPostprocessing = 0;
		};
		C73D0675292815370055B13B /* Frameworks */ = {
			isa = PBXFrameworksBuildPhase;
			buildActionMask = 2147483647;
			files = (
			);
			runOnlyForDeploymentPostprocessing = 0;
		};
		C73D0685292815380055B13B /* Frameworks */ = {
			isa = PBXFrameworksBuildPhase;
			buildActionMask = 2147483647;
			files = (
			);
			runOnlyForDeploymentPostprocessing = 0;
		};
/* End PBXFrameworksBuildPhase section */

/* Begin PBXGroup section */
		C70167542B34BA310085A33D /* Frameworks */ = {
			isa = PBXGroup;
			children = (
				C70167552B34BA310085A33D /* WidgetKit.framework */,
				C70167572B34BA310085A33D /* SwiftUI.framework */,
				C701676F2B34BA780085A33D /* Intents.framework */,
			);
			name = Frameworks;
			sourceTree = "<group>";
		};
		C70167842B34BBF50085A33D /* HabitWidget */ = {
			isa = PBXGroup;
			children = (
				C70167852B34BBF50085A33D /* HabitWidgetBundle.swift */,
				C70167872B34BBF50085A33D /* HabitWidget.swift */,
				C70167892B34BBF60085A33D /* Assets.xcassets */,
				C701678B2B34BBF60085A33D /* Info.plist */,
				C70167942B34BC320085A33D /* HabitWidgetIntents.intentdefinition */,
			);
			path = HabitWidget;
			sourceTree = "<group>";
		};
		C701679F2B34C2330085A33D /* HabitProgressIntentExtension */ = {
			isa = PBXGroup;
			children = (
				C70167A92B34C23A0085A33D /* HabitProgressIntentExtension.entitlements */,
				C70167A02B34C2330085A33D /* IntentHandler.swift */,
				C70167A22B34C2330085A33D /* Info.plist */,
			);
			path = HabitProgressIntentExtension;
			sourceTree = "<group>";
		};
		C73D066F292815370055B13B = {
			isa = PBXGroup;
			children = (
				C701677B2B34BAB20085A33D /* HabitWidgetExtension.entitlements */,
				C73D067A292815370055B13B /* Intent */,
				C73D068B292815380055B13B /* IntentTests */,
				C70167842B34BBF50085A33D /* HabitWidget */,
				C701679F2B34C2330085A33D /* HabitProgressIntentExtension */,
				C70167542B34BA310085A33D /* Frameworks */,
				C73D0679292815370055B13B /* Products */,
			);
			sourceTree = "<group>";
		};
		C73D0679292815370055B13B /* Products */ = {
			isa = PBXGroup;
			children = (
				C73D0678292815370055B13B /* Intent.app */,
				C73D0688292815380055B13B /* IntentTests.xctest */,
				C70167812B34BBF50085A33D /* HabitWidgetExtension.appex */,
				C701679D2B34C2330085A33D /* HabitProgressIntentExtension.appex */,
			);
			name = Products;
			sourceTree = "<group>";
		};
		C73D067A292815370055B13B /* Intent */ = {
			isa = PBXGroup;
			children = (
				C70167972B34BC3D0085A33D /* Info.plist */,
				C70167312B33A76C0085A33D /* Intent.entitlements */,
				C73D067B292815370055B13B /* IntentApp.swift */,
				C73D067D292815370055B13B /* ContentView.swift */,
				C745B3752A2BA03C00393763 /* ContentViewWrapper.swift */,
				C7889C61292D5A9D0064D89C /* Views */,
				C73D06A5292815710055B13B /* Models */,
				C73D06A6292815760055B13B /* Managers */,
				C73D06A72928157D0055B13B /* Helpers */,
				C73D06A8292815890055B13B /* Resources */,
				C73D0681292815380055B13B /* Preview Content */,
			);
			path = Intent;
			sourceTree = "<group>";
		};
		C73D0681292815380055B13B /* Preview Content */ = {
			isa = PBXGroup;
			children = (
				C73D0682292815380055B13B /* Preview Assets.xcassets */,
			);
			path = "Preview Content";
			sourceTree = "<group>";
		};
		C73D068B292815380055B13B /* IntentTests */ = {
			isa = PBXGroup;
			children = (
				C73D06B2292817140055B13B /* HabitTests.swift */,
			);
			path = IntentTests;
			sourceTree = "<group>";
		};
		C73D06A5292815710055B13B /* Models */ = {
			isa = PBXGroup;
			children = (
				C73D06AE292816160055B13B /* Habit.swift */,
			);
			path = Models;
			sourceTree = "<group>";
		};
		C73D06A6292815760055B13B /* Managers */ = {
			isa = PBXGroup;
			children = (
				C73D06AC292815DA0055B13B /* DataManager.swift */,
				C794AFE72A6464FC00D8A864 /* UserNotificationsManager.swift */,
			);
			path = Managers;
			sourceTree = "<group>";
		};
		C73D06A72928157D0055B13B /* Helpers */ = {
			isa = PBXGroup;
			children = (
				C73D06B0292816670055B13B /* Calendar+Extensions.swift */,
				C73D06D42929D9160055B13B /* Double+Extensions.swift */,
				C7889C5F292D5A630064D89C /* View+Extensions.swift */,
				C7B020FE2935340B00462E1F /* Color+Extensions.swift */,
				C7CFE828293F0A4300A89AAD /* ScrollView.swift */,
				C723852029405E7E00901B43 /* CalendarView.swift */,
				C76611F9295AB64200798DF1 /* SymbolPicker.swift */,
				C7770466295B997500C24952 /* Date+Extensions.swift */,
				C7AD52522960B8D000EA4221 /* Button+Extensions.swift */,
				C7ACD418296E3C6600AFF9AF /* ComposeMailView.swift */,
				C76DC9002AAEB54D0092A35C /* WeekdayPicker.swift */,
				C76DC9042AAEC6DE0092A35C /* MonthlyPicker.swift */,
				C73959552AC7A67E00A96DEC /* NumericTextField.swift */,
				C73959572AC8840200A96DEC /* Array+Extensions.swift */,
				C73959592AC88EF500A96DEC /* OnDayChange.swift */,
				C74A40662B006F35006395DA /* PartialCircle.swift */,
				C70167322B34AF4E0085A33D /* NSPersistentContainer+Extensions.swift */,
			);
			path = Helpers;
			sourceTree = "<group>";
		};
		C73D06A8292815890055B13B /* Resources */ = {
			isa = PBXGroup;
			children = (
				C73D067F292815380055B13B /* Assets.xcassets */,
				C76611FB295AB65F00798DF1 /* sfsymbols.txt */,
				C73D06A9292815B30055B13B /* CoreDataModel.xcdatamodeld */,
				C7ACD41A296E3F1700AFF9AF /* PrivacyPolicy.rtf */,
				C7D228152A32C05E00E4990C /* curatedsfsymbols.txt */,
			);
			path = Resources;
			sourceTree = "<group>";
		};
		C7889C61292D5A9D0064D89C /* Views */ = {
			isa = PBXGroup;
			children = (
				C7DC9FE2296503490055ACEC /* HabitView */,
				C79F66832A24334700DB0A04 /* HabitGroupView */,
				C7DC9FE3296503580055ACEC /* HabitEditorView */,
				C7ACD416296E332500AFF9AF /* SettingsView.swift */,
			);
			path = Views;
			sourceTree = "<group>";
		};
		C79F66832A24334700DB0A04 /* HabitGroupView */ = {
			isa = PBXGroup;
			children = (
				C79F66862A24336800DB0A04 /* HabitGroupView.swift */,
				C79F66882A24346700DB0A04 /* HabitGroupGridItem.swift */,
			);
			path = HabitGroupView;
			sourceTree = "<group>";
		};
		C7DC9FE2296503490055ACEC /* HabitView */ = {
			isa = PBXGroup;
			children = (
				C7B021002935362600462E1F /* HabitView.swift */,
				C7B021022935372600462E1F /* HabitDetailView.swift */,
				C7AD52542960E54A00EA4221 /* PlaceholderHabitView.swift */,
			);
			path = HabitView;
			sourceTree = "<group>";
		};
		C7DC9FE3296503580055ACEC /* HabitEditorView */ = {
			isa = PBXGroup;
			children = (
				C73F2D7429596C590042EF63 /* HabitEditorView.swift */,
				C7DC9FE42965036B0055ACEC /* HabitEditorConfig.swift */,
				C76DC9022AAEBC9F0092A35C /* NotificationEditorView.swift */,
			);
			path = HabitEditorView;
			sourceTree = "<group>";
		};
/* End PBXGroup section */

/* Begin PBXNativeTarget section */
		C70167802B34BBF50085A33D /* HabitWidgetExtension */ = {
			isa = PBXNativeTarget;
			buildConfigurationList = C701678F2B34BBF60085A33D /* Build configuration list for PBXNativeTarget "HabitWidgetExtension" */;
			buildPhases = (
				C701677D2B34BBF50085A33D /* Sources */,
				C701677E2B34BBF50085A33D /* Frameworks */,
				C701677F2B34BBF50085A33D /* Resources */,
			);
			buildRules = (
			);
			dependencies = (
			);
			name = HabitWidgetExtension;
			productName = HabitWidgetExtension;
			productReference = C70167812B34BBF50085A33D /* HabitWidgetExtension.appex */;
			productType = "com.apple.product-type.app-extension";
		};
		C701679C2B34C2330085A33D /* HabitProgressIntentExtension */ = {
			isa = PBXNativeTarget;
			buildConfigurationList = C70167A62B34C2330085A33D /* Build configuration list for PBXNativeTarget "HabitProgressIntentExtension" */;
			buildPhases = (
				C70167992B34C2330085A33D /* Sources */,
				C701679A2B34C2330085A33D /* Frameworks */,
				C701679B2B34C2330085A33D /* Resources */,
			);
			buildRules = (
			);
			dependencies = (
			);
			name = HabitProgressIntentExtension;
			productName = HabitProgressIntentExtension;
			productReference = C701679D2B34C2330085A33D /* HabitProgressIntentExtension.appex */;
			productType = "com.apple.product-type.app-extension";
		};
		C73D0677292815370055B13B /* Intent */ = {
			isa = PBXNativeTarget;
			buildConfigurationList = C73D069C292815380055B13B /* Build configuration list for PBXNativeTarget "Intent" */;
			buildPhases = (
				C73D0674292815370055B13B /* Sources */,
				C73D0675292815370055B13B /* Frameworks */,
				C73D0676292815370055B13B /* Resources */,
				C70167662B34BA320085A33D /* Embed Foundation Extensions */,
			);
			buildRules = (
			);
			dependencies = (
				C701678D2B34BBF60085A33D /* PBXTargetDependency */,
				C70167A42B34C2330085A33D /* PBXTargetDependency */,
			);
			name = Intent;
			packageProductDependencies = (
			);
			productName = Intent;
			productReference = C73D0678292815370055B13B /* Intent.app */;
			productType = "com.apple.product-type.application";
		};
		C73D0687292815380055B13B /* IntentTests */ = {
			isa = PBXNativeTarget;
			buildConfigurationList = C73D069F292815380055B13B /* Build configuration list for PBXNativeTarget "IntentTests" */;
			buildPhases = (
				C73D0684292815380055B13B /* Sources */,
				C73D0685292815380055B13B /* Frameworks */,
				C73D0686292815380055B13B /* Resources */,
			);
			buildRules = (
			);
			dependencies = (
				C73D068A292815380055B13B /* PBXTargetDependency */,
			);
			name = IntentTests;
			productName = IntentTests;
			productReference = C73D0688292815380055B13B /* IntentTests.xctest */;
			productType = "com.apple.product-type.bundle.unit-test";
		};
/* End PBXNativeTarget section */

/* Begin PBXProject section */
		C73D0670292815370055B13B /* Project object */ = {
			isa = PBXProject;
			attributes = {
				BuildIndependentTargetsInParallel = 1;
				LastSwiftUpdateCheck = 1510;
				LastUpgradeCheck = 1400;
				TargetAttributes = {
					C70167802B34BBF50085A33D = {
						CreatedOnToolsVersion = 15.1;
					};
					C701679C2B34C2330085A33D = {
						CreatedOnToolsVersion = 15.1;
					};
					C73D0677292815370055B13B = {
						CreatedOnToolsVersion = 14.0;
					};
					C73D0687292815380055B13B = {
						CreatedOnToolsVersion = 14.0;
						TestTargetID = C73D0677292815370055B13B;
					};
				};
			};
			buildConfigurationList = C73D0673292815370055B13B /* Build configuration list for PBXProject "Intent" */;
			compatibilityVersion = "Xcode 14.0";
			developmentRegion = en;
			hasScannedForEncodings = 0;
			knownRegions = (
				en,
				Base,
			);
			mainGroup = C73D066F292815370055B13B;
			packageReferences = (
			);
			productRefGroup = C73D0679292815370055B13B /* Products */;
			projectDirPath = "";
			projectRoot = "";
			targets = (
				C73D0677292815370055B13B /* Intent */,
				C73D0687292815380055B13B /* IntentTests */,
				C70167802B34BBF50085A33D /* HabitWidgetExtension */,
				C701679C2B34C2330085A33D /* HabitProgressIntentExtension */,
			);
		};
/* End PBXProject section */

/* Begin PBXResourcesBuildPhase section */
		C701677F2B34BBF50085A33D /* Resources */ = {
			isa = PBXResourcesBuildPhase;
			buildActionMask = 2147483647;
			files = (
				C701678A2B34BBF60085A33D /* Assets.xcassets in Resources */,
			);
			runOnlyForDeploymentPostprocessing = 0;
		};
		C701679B2B34C2330085A33D /* Resources */ = {
			isa = PBXResourcesBuildPhase;
			buildActionMask = 2147483647;
			files = (
			);
			runOnlyForDeploymentPostprocessing = 0;
		};
		C73D0676292815370055B13B /* Resources */ = {
			isa = PBXResourcesBuildPhase;
			buildActionMask = 2147483647;
			files = (
				C73D0683292815380055B13B /* Preview Assets.xcassets in Resources */,
				C7D228162A32C05E00E4990C /* curatedsfsymbols.txt in Resources */,
				C7ACD41B296E3F1700AFF9AF /* PrivacyPolicy.rtf in Resources */,
				C73D0680292815380055B13B /* Assets.xcassets in Resources */,
				C76611FC295AB65F00798DF1 /* sfsymbols.txt in Resources */,
			);
			runOnlyForDeploymentPostprocessing = 0;
		};
		C73D0686292815380055B13B /* Resources */ = {
			isa = PBXResourcesBuildPhase;
			buildActionMask = 2147483647;
			files = (
			);
			runOnlyForDeploymentPostprocessing = 0;
		};
/* End PBXResourcesBuildPhase section */

/* Begin PBXSourcesBuildPhase section */
		C701677D2B34BBF50085A33D /* Sources */ = {
			isa = PBXSourcesBuildPhase;
			buildActionMask = 2147483647;
			files = (
				C70167B52B34C3060085A33D /* Color+Extensions.swift in Sources */,
				C70167BA2B34C3060085A33D /* Array+Extensions.swift in Sources */,
				C70167B82B34C3060085A33D /* Button+Extensions.swift in Sources */,
				C70167B42B34C3060085A33D /* Double+Extensions.swift in Sources */,
				C70167B72B34C3060085A33D /* Date+Extensions.swift in Sources */,
				C70167882B34BBF50085A33D /* HabitWidget.swift in Sources */,
				C70167BC2B34C3130085A33D /* Habit.swift in Sources */,
				C70167B92B34C3060085A33D /* Calendar+Extensions.swift in Sources */,
				C70167862B34BBF50085A33D /* HabitWidgetBundle.swift in Sources */,
				C70167BB2B34C3060085A33D /* NSPersistentContainer+Extensions.swift in Sources */,
				C70167B62B34C3060085A33D /* View+Extensions.swift in Sources */,
				C70167C22B34C3700085A33D /* UserNotificationsManager.swift in Sources */,
				C70167BE2B34C32C0085A33D /* DataManager.swift in Sources */,
				C7D836F92B350C25004B6A3E /* PartialCircle.swift in Sources */,
				C70167BF2B34C3400085A33D /* CoreDataModel.xcdatamodeld in Sources */,
				C70167962B34BC320085A33D /* HabitWidgetIntents.intentdefinition in Sources */,
			);
			runOnlyForDeploymentPostprocessing = 0;
		};
		C70167992B34C2330085A33D /* Sources */ = {
			isa = PBXSourcesBuildPhase;
			buildActionMask = 2147483647;
			files = (
				C70167A12B34C2330085A33D /* IntentHandler.swift in Sources */,
				C70167B02B34C3050085A33D /* Date+Extensions.swift in Sources */,
				C70167B12B34C3050085A33D /* Button+Extensions.swift in Sources */,
				C70167C02B34C3400085A33D /* CoreDataModel.xcdatamodeld in Sources */,
				C70167B32B34C3050085A33D /* Array+Extensions.swift in Sources */,
				C70167C12B34C36F0085A33D /* UserNotificationsManager.swift in Sources */,
				C70167AC2B34C2F50085A33D /* NSPersistentContainer+Extensions.swift in Sources */,
				C70167AB2B34C2D50085A33D /* DataManager.swift in Sources */,
				C70167BD2B34C3140085A33D /* Habit.swift in Sources */,
				C70167AF2B34C3050085A33D /* View+Extensions.swift in Sources */,
				C70167AA2B34C2670085A33D /* HabitWidgetIntents.intentdefinition in Sources */,
				C70167B22B34C3050085A33D /* Calendar+Extensions.swift in Sources */,
				C70167AD2B34C3050085A33D /* Double+Extensions.swift in Sources */,
				C70167AE2B34C3050085A33D /* Color+Extensions.swift in Sources */,
			);
			runOnlyForDeploymentPostprocessing = 0;
		};
		C73D0674292815370055B13B /* Sources */ = {
			isa = PBXSourcesBuildPhase;
			buildActionMask = 2147483647;
			files = (
				C7B021032935372600462E1F /* HabitDetailView.swift in Sources */,
				C73959582AC8840200A96DEC /* Array+Extensions.swift in Sources */,
				C739595A2AC88EF500A96DEC /* OnDayChange.swift in Sources */,
				C73D067E292815370055B13B /* ContentView.swift in Sources */,
				C73D06AF292816160055B13B /* Habit.swift in Sources */,
				C70167952B34BC320085A33D /* HabitWidgetIntents.intentdefinition in Sources */,
				C7B020FF2935340B00462E1F /* Color+Extensions.swift in Sources */,
				C73959562AC7A67E00A96DEC /* NumericTextField.swift in Sources */,
				C73D06D52929D9160055B13B /* Double+Extensions.swift in Sources */,
				C70167332B34AF4E0085A33D /* NSPersistentContainer+Extensions.swift in Sources */,
				C7ACD417296E332500AFF9AF /* SettingsView.swift in Sources */,
				C76DC9012AAEB54D0092A35C /* WeekdayPicker.swift in Sources */,
				C7CFE829293F0A4300A89AAD /* ScrollView.swift in Sources */,
				C76611FA295AB64200798DF1 /* SymbolPicker.swift in Sources */,
				C7AD52552960E54A00EA4221 /* PlaceholderHabitView.swift in Sources */,
				C74A40672B006F35006395DA /* PartialCircle.swift in Sources */,
				C7ACD419296E3C6600AFF9AF /* ComposeMailView.swift in Sources */,
				C7AD52532960B8D000EA4221 /* Button+Extensions.swift in Sources */,
				C794AFE82A6464FC00D8A864 /* UserNotificationsManager.swift in Sources */,
				C79F66892A24346700DB0A04 /* HabitGroupGridItem.swift in Sources */,
				C79F66872A24336800DB0A04 /* HabitGroupView.swift in Sources */,
				C723852129405E7E00901B43 /* CalendarView.swift in Sources */,
				C73D06AD292815DA0055B13B /* DataManager.swift in Sources */,
				C7770467295B997500C24952 /* Date+Extensions.swift in Sources */,
				C73D067C292815370055B13B /* IntentApp.swift in Sources */,
				C76DC9032AAEBC9F0092A35C /* NotificationEditorView.swift in Sources */,
				C73F2D7529596C590042EF63 /* HabitEditorView.swift in Sources */,
				C745B3762A2BA03C00393763 /* ContentViewWrapper.swift in Sources */,
				C7DC9FE52965036B0055ACEC /* HabitEditorConfig.swift in Sources */,
				C76DC9052AAEC6DE0092A35C /* MonthlyPicker.swift in Sources */,
				C73D06AB292815B30055B13B /* CoreDataModel.xcdatamodeld in Sources */,
				C7889C60292D5A630064D89C /* View+Extensions.swift in Sources */,
				C73D06B1292816670055B13B /* Calendar+Extensions.swift in Sources */,
				C7B021012935362600462E1F /* HabitView.swift in Sources */,
				C70167982B34BE590085A33D /* HabitWidget.swift in Sources */,
			);
			runOnlyForDeploymentPostprocessing = 0;
		};
		C73D0684292815380055B13B /* Sources */ = {
			isa = PBXSourcesBuildPhase;
			buildActionMask = 2147483647;
			files = (
				C73D06B3292817140055B13B /* HabitTests.swift in Sources */,
			);
			runOnlyForDeploymentPostprocessing = 0;
		};
/* End PBXSourcesBuildPhase section */

/* Begin PBXTargetDependency section */
		C701678D2B34BBF60085A33D /* PBXTargetDependency */ = {
			isa = PBXTargetDependency;
			target = C70167802B34BBF50085A33D /* HabitWidgetExtension */;
			targetProxy = C701678C2B34BBF60085A33D /* PBXContainerItemProxy */;
		};
		C70167A42B34C2330085A33D /* PBXTargetDependency */ = {
			isa = PBXTargetDependency;
			target = C701679C2B34C2330085A33D /* HabitProgressIntentExtension */;
			targetProxy = C70167A32B34C2330085A33D /* PBXContainerItemProxy */;
		};
		C73D068A292815380055B13B /* PBXTargetDependency */ = {
			isa = PBXTargetDependency;
			target = C73D0677292815370055B13B /* Intent */;
			targetProxy = C73D0689292815380055B13B /* PBXContainerItemProxy */;
		};
/* End PBXTargetDependency section */

/* Begin XCBuildConfiguration section */
		C70167902B34BBF60085A33D /* Debug */ = {
			isa = XCBuildConfiguration;
			buildSettings = {
				ASSETCATALOG_COMPILER_GENERATE_SWIFT_ASSET_SYMBOL_EXTENSIONS = YES;
				ASSETCATALOG_COMPILER_GLOBAL_ACCENT_COLOR_NAME = AccentColor;
				ASSETCATALOG_COMPILER_WIDGET_BACKGROUND_COLOR_NAME = WidgetBackground;
				CODE_SIGN_ENTITLEMENTS = HabitWidgetExtension.entitlements;
				CODE_SIGN_STYLE = Automatic;
				CURRENT_PROJECT_VERSION = 1;
				DEVELOPMENT_TEAM = 6LQ3XV8JU7;
				ENABLE_USER_SCRIPT_SANDBOXING = YES;
				GCC_C_LANGUAGE_STANDARD = gnu17;
				GENERATE_INFOPLIST_FILE = YES;
				INFOPLIST_FILE = HabitWidget/Info.plist;
				INFOPLIST_KEY_CFBundleDisplayName = HabitWidget;
				INFOPLIST_KEY_NSHumanReadableCopyright = "";
				IPHONEOS_DEPLOYMENT_TARGET = 17.2;
				LD_RUNPATH_SEARCH_PATHS = (
					"$(inherited)",
					"@executable_path/Frameworks",
					"@executable_path/../../Frameworks",
				);
				LOCALIZATION_PREFERS_STRING_CATALOGS = YES;
				MARKETING_VERSION = 1.0;
				PRODUCT_BUNDLE_IDENTIFIER = com.sumone.Intent.HabitWidget;
				PRODUCT_NAME = "$(TARGET_NAME)";
				SKIP_INSTALL = YES;
				SWIFT_ACTIVE_COMPILATION_CONDITIONS = "DEBUG $(inherited)";
				SWIFT_EMIT_LOC_STRINGS = YES;
				SWIFT_VERSION = 5.0;
				TARGETED_DEVICE_FAMILY = "1,2";
			};
			name = Debug;
		};
		C70167912B34BBF60085A33D /* Release */ = {
			isa = XCBuildConfiguration;
			buildSettings = {
				ASSETCATALOG_COMPILER_GENERATE_SWIFT_ASSET_SYMBOL_EXTENSIONS = YES;
				ASSETCATALOG_COMPILER_GLOBAL_ACCENT_COLOR_NAME = AccentColor;
				ASSETCATALOG_COMPILER_WIDGET_BACKGROUND_COLOR_NAME = WidgetBackground;
				CODE_SIGN_ENTITLEMENTS = HabitWidgetExtension.entitlements;
				CODE_SIGN_STYLE = Automatic;
				CURRENT_PROJECT_VERSION = 1;
				DEVELOPMENT_TEAM = 6LQ3XV8JU7;
				ENABLE_USER_SCRIPT_SANDBOXING = YES;
				GCC_C_LANGUAGE_STANDARD = gnu17;
				GENERATE_INFOPLIST_FILE = YES;
				INFOPLIST_FILE = HabitWidget/Info.plist;
				INFOPLIST_KEY_CFBundleDisplayName = HabitWidget;
				INFOPLIST_KEY_NSHumanReadableCopyright = "";
				IPHONEOS_DEPLOYMENT_TARGET = 17.2;
				LD_RUNPATH_SEARCH_PATHS = (
					"$(inherited)",
					"@executable_path/Frameworks",
					"@executable_path/../../Frameworks",
				);
				LOCALIZATION_PREFERS_STRING_CATALOGS = YES;
				MARKETING_VERSION = 1.0;
				PRODUCT_BUNDLE_IDENTIFIER = com.sumone.Intent.HabitWidget;
				PRODUCT_NAME = "$(TARGET_NAME)";
				SKIP_INSTALL = YES;
				SWIFT_EMIT_LOC_STRINGS = YES;
				SWIFT_VERSION = 5.0;
				TARGETED_DEVICE_FAMILY = "1,2";
			};
			name = Release;
		};
		C70167A72B34C2330085A33D /* Debug */ = {
			isa = XCBuildConfiguration;
			buildSettings = {
				ASSETCATALOG_COMPILER_GENERATE_SWIFT_ASSET_SYMBOL_EXTENSIONS = YES;
				CODE_SIGN_ENTITLEMENTS = HabitProgressIntentExtension/HabitProgressIntentExtension.entitlements;
				CODE_SIGN_STYLE = Automatic;
				CURRENT_PROJECT_VERSION = 1;
				DEVELOPMENT_TEAM = 6LQ3XV8JU7;
				ENABLE_USER_SCRIPT_SANDBOXING = YES;
				GCC_C_LANGUAGE_STANDARD = gnu17;
				GENERATE_INFOPLIST_FILE = YES;
				INFOPLIST_FILE = HabitProgressIntentExtension/Info.plist;
				INFOPLIST_KEY_CFBundleDisplayName = HabitProgressIntentExtension;
				INFOPLIST_KEY_NSHumanReadableCopyright = "";
				IPHONEOS_DEPLOYMENT_TARGET = 17.2;
				LD_RUNPATH_SEARCH_PATHS = (
					"$(inherited)",
					"@executable_path/Frameworks",
					"@executable_path/../../Frameworks",
				);
				LOCALIZATION_PREFERS_STRING_CATALOGS = YES;
				MARKETING_VERSION = 1.0;
				PRODUCT_BUNDLE_IDENTIFIER = com.sumone.Intent.HabitProgressIntentExtension;
				PRODUCT_NAME = "$(TARGET_NAME)";
				SKIP_INSTALL = YES;
				SWIFT_ACTIVE_COMPILATION_CONDITIONS = "DEBUG $(inherited)";
				SWIFT_EMIT_LOC_STRINGS = YES;
				SWIFT_VERSION = 5.0;
				TARGETED_DEVICE_FAMILY = "1,2";
			};
			name = Debug;
		};
		C70167A82B34C2330085A33D /* Release */ = {
			isa = XCBuildConfiguration;
			buildSettings = {
				ASSETCATALOG_COMPILER_GENERATE_SWIFT_ASSET_SYMBOL_EXTENSIONS = YES;
				CODE_SIGN_ENTITLEMENTS = HabitProgressIntentExtension/HabitProgressIntentExtension.entitlements;
				CODE_SIGN_STYLE = Automatic;
				CURRENT_PROJECT_VERSION = 1;
				DEVELOPMENT_TEAM = 6LQ3XV8JU7;
				ENABLE_USER_SCRIPT_SANDBOXING = YES;
				GCC_C_LANGUAGE_STANDARD = gnu17;
				GENERATE_INFOPLIST_FILE = YES;
				INFOPLIST_FILE = HabitProgressIntentExtension/Info.plist;
				INFOPLIST_KEY_CFBundleDisplayName = HabitProgressIntentExtension;
				INFOPLIST_KEY_NSHumanReadableCopyright = "";
				IPHONEOS_DEPLOYMENT_TARGET = 17.2;
				LD_RUNPATH_SEARCH_PATHS = (
					"$(inherited)",
					"@executable_path/Frameworks",
					"@executable_path/../../Frameworks",
				);
				LOCALIZATION_PREFERS_STRING_CATALOGS = YES;
				MARKETING_VERSION = 1.0;
				PRODUCT_BUNDLE_IDENTIFIER = com.sumone.Intent.HabitProgressIntentExtension;
				PRODUCT_NAME = "$(TARGET_NAME)";
				SKIP_INSTALL = YES;
				SWIFT_EMIT_LOC_STRINGS = YES;
				SWIFT_VERSION = 5.0;
				TARGETED_DEVICE_FAMILY = "1,2";
			};
			name = Release;
		};
		C73D069A292815380055B13B /* Debug */ = {
			isa = XCBuildConfiguration;
			buildSettings = {
				ALWAYS_SEARCH_USER_PATHS = NO;
				CLANG_ANALYZER_NONNULL = YES;
				CLANG_ANALYZER_NUMBER_OBJECT_CONVERSION = YES_AGGRESSIVE;
				CLANG_CXX_LANGUAGE_STANDARD = "gnu++20";
				CLANG_ENABLE_MODULES = YES;
				CLANG_ENABLE_OBJC_ARC = YES;
				CLANG_ENABLE_OBJC_WEAK = YES;
				CLANG_WARN_BLOCK_CAPTURE_AUTORELEASING = YES;
				CLANG_WARN_BOOL_CONVERSION = YES;
				CLANG_WARN_COMMA = YES;
				CLANG_WARN_CONSTANT_CONVERSION = YES;
				CLANG_WARN_DEPRECATED_OBJC_IMPLEMENTATIONS = YES;
				CLANG_WARN_DIRECT_OBJC_ISA_USAGE = YES_ERROR;
				CLANG_WARN_DOCUMENTATION_COMMENTS = YES;
				CLANG_WARN_EMPTY_BODY = YES;
				CLANG_WARN_ENUM_CONVERSION = YES;
				CLANG_WARN_INFINITE_RECURSION = YES;
				CLANG_WARN_INT_CONVERSION = YES;
				CLANG_WARN_NON_LITERAL_NULL_CONVERSION = YES;
				CLANG_WARN_OBJC_IMPLICIT_RETAIN_SELF = YES;
				CLANG_WARN_OBJC_LITERAL_CONVERSION = YES;
				CLANG_WARN_OBJC_ROOT_CLASS = YES_ERROR;
				CLANG_WARN_QUOTED_INCLUDE_IN_FRAMEWORK_HEADER = YES;
				CLANG_WARN_RANGE_LOOP_ANALYSIS = YES;
				CLANG_WARN_STRICT_PROTOTYPES = YES;
				CLANG_WARN_SUSPICIOUS_MOVE = YES;
				CLANG_WARN_UNGUARDED_AVAILABILITY = YES_AGGRESSIVE;
				CLANG_WARN_UNREACHABLE_CODE = YES;
				CLANG_WARN__DUPLICATE_METHOD_MATCH = YES;
				COPY_PHASE_STRIP = NO;
				DEBUG_INFORMATION_FORMAT = dwarf;
				ENABLE_STRICT_OBJC_MSGSEND = YES;
				ENABLE_TESTABILITY = YES;
				GCC_C_LANGUAGE_STANDARD = gnu11;
				GCC_DYNAMIC_NO_PIC = NO;
				GCC_NO_COMMON_BLOCKS = YES;
				GCC_OPTIMIZATION_LEVEL = 0;
				GCC_PREPROCESSOR_DEFINITIONS = (
					"DEBUG=1",
					"$(inherited)",
				);
				GCC_WARN_64_TO_32_BIT_CONVERSION = YES;
				GCC_WARN_ABOUT_RETURN_TYPE = YES_ERROR;
				GCC_WARN_UNDECLARED_SELECTOR = YES;
				GCC_WARN_UNINITIALIZED_AUTOS = YES_AGGRESSIVE;
				GCC_WARN_UNUSED_FUNCTION = YES;
				GCC_WARN_UNUSED_VARIABLE = YES;
				IPHONEOS_DEPLOYMENT_TARGET = 16.0;
				MTL_ENABLE_DEBUG_INFO = INCLUDE_SOURCE;
				MTL_FAST_MATH = YES;
				ONLY_ACTIVE_ARCH = YES;
				SDKROOT = iphoneos;
				SWIFT_ACTIVE_COMPILATION_CONDITIONS = DEBUG;
				SWIFT_OPTIMIZATION_LEVEL = "-Onone";
			};
			name = Debug;
		};
		C73D069B292815380055B13B /* Release */ = {
			isa = XCBuildConfiguration;
			buildSettings = {
				ALWAYS_SEARCH_USER_PATHS = NO;
				CLANG_ANALYZER_NONNULL = YES;
				CLANG_ANALYZER_NUMBER_OBJECT_CONVERSION = YES_AGGRESSIVE;
				CLANG_CXX_LANGUAGE_STANDARD = "gnu++20";
				CLANG_ENABLE_MODULES = YES;
				CLANG_ENABLE_OBJC_ARC = YES;
				CLANG_ENABLE_OBJC_WEAK = YES;
				CLANG_WARN_BLOCK_CAPTURE_AUTORELEASING = YES;
				CLANG_WARN_BOOL_CONVERSION = YES;
				CLANG_WARN_COMMA = YES;
				CLANG_WARN_CONSTANT_CONVERSION = YES;
				CLANG_WARN_DEPRECATED_OBJC_IMPLEMENTATIONS = YES;
				CLANG_WARN_DIRECT_OBJC_ISA_USAGE = YES_ERROR;
				CLANG_WARN_DOCUMENTATION_COMMENTS = YES;
				CLANG_WARN_EMPTY_BODY = YES;
				CLANG_WARN_ENUM_CONVERSION = YES;
				CLANG_WARN_INFINITE_RECURSION = YES;
				CLANG_WARN_INT_CONVERSION = YES;
				CLANG_WARN_NON_LITERAL_NULL_CONVERSION = YES;
				CLANG_WARN_OBJC_IMPLICIT_RETAIN_SELF = YES;
				CLANG_WARN_OBJC_LITERAL_CONVERSION = YES;
				CLANG_WARN_OBJC_ROOT_CLASS = YES_ERROR;
				CLANG_WARN_QUOTED_INCLUDE_IN_FRAMEWORK_HEADER = YES;
				CLANG_WARN_RANGE_LOOP_ANALYSIS = YES;
				CLANG_WARN_STRICT_PROTOTYPES = YES;
				CLANG_WARN_SUSPICIOUS_MOVE = YES;
				CLANG_WARN_UNGUARDED_AVAILABILITY = YES_AGGRESSIVE;
				CLANG_WARN_UNREACHABLE_CODE = YES;
				CLANG_WARN__DUPLICATE_METHOD_MATCH = YES;
				COPY_PHASE_STRIP = NO;
				DEBUG_INFORMATION_FORMAT = "dwarf-with-dsym";
				ENABLE_NS_ASSERTIONS = NO;
				ENABLE_STRICT_OBJC_MSGSEND = YES;
				GCC_C_LANGUAGE_STANDARD = gnu11;
				GCC_NO_COMMON_BLOCKS = YES;
				GCC_WARN_64_TO_32_BIT_CONVERSION = YES;
				GCC_WARN_ABOUT_RETURN_TYPE = YES_ERROR;
				GCC_WARN_UNDECLARED_SELECTOR = YES;
				GCC_WARN_UNINITIALIZED_AUTOS = YES_AGGRESSIVE;
				GCC_WARN_UNUSED_FUNCTION = YES;
				GCC_WARN_UNUSED_VARIABLE = YES;
				IPHONEOS_DEPLOYMENT_TARGET = 16.0;
				MTL_ENABLE_DEBUG_INFO = NO;
				MTL_FAST_MATH = YES;
				SDKROOT = iphoneos;
				SWIFT_COMPILATION_MODE = wholemodule;
				SWIFT_OPTIMIZATION_LEVEL = "-O";
				VALIDATE_PRODUCT = YES;
			};
			name = Release;
		};
		C73D069D292815380055B13B /* Debug */ = {
			isa = XCBuildConfiguration;
			buildSettings = {
				ALWAYS_EMBED_SWIFT_STANDARD_LIBRARIES = YES;
				ASSETCATALOG_COMPILER_APPICON_NAME = AppIcon;
				ASSETCATALOG_COMPILER_GLOBAL_ACCENT_COLOR_NAME = AccentColor;
				CODE_SIGN_ENTITLEMENTS = Intent/Intent.entitlements;
				CODE_SIGN_STYLE = Automatic;
				CURRENT_PROJECT_VERSION = 1;
				DEVELOPMENT_ASSET_PATHS = "\"Intent/Preview Content\"";
				DEVELOPMENT_TEAM = 6LQ3XV8JU7;
				ENABLE_PREVIEWS = YES;
				GENERATE_INFOPLIST_FILE = YES;
				INFOPLIST_FILE = Intent/Info.plist;
				INFOPLIST_KEY_CFBundleDisplayName = Intent;
				INFOPLIST_KEY_LSApplicationCategoryType = "public.app-category.productivity";
				INFOPLIST_KEY_UIApplicationSceneManifest_Generation = YES;
				INFOPLIST_KEY_UIApplicationSupportsIndirectInputEvents = YES;
				INFOPLIST_KEY_UILaunchScreen_Generation = YES;
				INFOPLIST_KEY_UISupportedInterfaceOrientations_iPad = "UIInterfaceOrientationPortrait UIInterfaceOrientationPortraitUpsideDown UIInterfaceOrientationLandscapeLeft UIInterfaceOrientationLandscapeRight";
				INFOPLIST_KEY_UISupportedInterfaceOrientations_iPhone = UIInterfaceOrientationPortrait;
				IPHONEOS_DEPLOYMENT_TARGET = 16.0;
				LD_RUNPATH_SEARCH_PATHS = (
					"$(inherited)",
					"@executable_path/Frameworks",
				);
				MARKETING_VERSION = 1.3.0;
				PRODUCT_BUNDLE_IDENTIFIER = com.sumone.Intent;
				PRODUCT_NAME = "$(TARGET_NAME)";
				SUPPORTED_PLATFORMS = "iphoneos iphonesimulator";
				SUPPORTS_MACCATALYST = NO;
				SUPPORTS_MAC_DESIGNED_FOR_IPHONE_IPAD = NO;
				SWIFT_EMIT_LOC_STRINGS = YES;
				SWIFT_VERSION = 5.0;
				TARGETED_DEVICE_FAMILY = 1;
			};
			name = Debug;
		};
		C73D069E292815380055B13B /* Release */ = {
			isa = XCBuildConfiguration;
			buildSettings = {
				ALWAYS_EMBED_SWIFT_STANDARD_LIBRARIES = YES;
				ASSETCATALOG_COMPILER_APPICON_NAME = AppIcon;
				ASSETCATALOG_COMPILER_GLOBAL_ACCENT_COLOR_NAME = AccentColor;
				CODE_SIGN_ENTITLEMENTS = Intent/Intent.entitlements;
				CODE_SIGN_STYLE = Automatic;
				CURRENT_PROJECT_VERSION = 1;
				DEVELOPMENT_ASSET_PATHS = "\"Intent/Preview Content\"";
				DEVELOPMENT_TEAM = 6LQ3XV8JU7;
				ENABLE_PREVIEWS = YES;
				GENERATE_INFOPLIST_FILE = YES;
				INFOPLIST_FILE = Intent/Info.plist;
				INFOPLIST_KEY_CFBundleDisplayName = Intent;
				INFOPLIST_KEY_LSApplicationCategoryType = "public.app-category.productivity";
				INFOPLIST_KEY_UIApplicationSceneManifest_Generation = YES;
				INFOPLIST_KEY_UIApplicationSupportsIndirectInputEvents = YES;
				INFOPLIST_KEY_UILaunchScreen_Generation = YES;
				INFOPLIST_KEY_UISupportedInterfaceOrientations_iPad = "UIInterfaceOrientationPortrait UIInterfaceOrientationPortraitUpsideDown UIInterfaceOrientationLandscapeLeft UIInterfaceOrientationLandscapeRight";
				INFOPLIST_KEY_UISupportedInterfaceOrientations_iPhone = UIInterfaceOrientationPortrait;
				IPHONEOS_DEPLOYMENT_TARGET = 16.0;
				LD_RUNPATH_SEARCH_PATHS = (
					"$(inherited)",
					"@executable_path/Frameworks",
				);
				MARKETING_VERSION = 1.3.0;
				PRODUCT_BUNDLE_IDENTIFIER = com.sumone.Intent;
				PRODUCT_NAME = "$(TARGET_NAME)";
				SUPPORTED_PLATFORMS = "iphoneos iphonesimulator";
				SUPPORTS_MACCATALYST = NO;
				SUPPORTS_MAC_DESIGNED_FOR_IPHONE_IPAD = NO;
				SWIFT_EMIT_LOC_STRINGS = YES;
				SWIFT_VERSION = 5.0;
				TARGETED_DEVICE_FAMILY = 1;
			};
			name = Release;
		};
		C73D06A0292815380055B13B /* Debug */ = {
			isa = XCBuildConfiguration;
			buildSettings = {
				ALWAYS_EMBED_SWIFT_STANDARD_LIBRARIES = YES;
				BUNDLE_LOADER = "$(TEST_HOST)";
				CODE_SIGN_STYLE = Automatic;
				CURRENT_PROJECT_VERSION = 1;
				DEVELOPMENT_TEAM = 6LQ3XV8JU7;
				GENERATE_INFOPLIST_FILE = YES;
				IPHONEOS_DEPLOYMENT_TARGET = 16.0;
				MARKETING_VERSION = 1.0;
				PRODUCT_BUNDLE_IDENTIFIER = com.sumone.IntentTests;
				PRODUCT_NAME = "$(TARGET_NAME)";
				SWIFT_EMIT_LOC_STRINGS = NO;
				SWIFT_VERSION = 5.0;
				TARGETED_DEVICE_FAMILY = "1,2";
				TEST_HOST = "$(BUILT_PRODUCTS_DIR)/Intent.app/$(BUNDLE_EXECUTABLE_FOLDER_PATH)/Intent";
			};
			name = Debug;
		};
		C73D06A1292815380055B13B /* Release */ = {
			isa = XCBuildConfiguration;
			buildSettings = {
				ALWAYS_EMBED_SWIFT_STANDARD_LIBRARIES = YES;
				BUNDLE_LOADER = "$(TEST_HOST)";
				CODE_SIGN_STYLE = Automatic;
				CURRENT_PROJECT_VERSION = 1;
				DEVELOPMENT_TEAM = 6LQ3XV8JU7;
				GENERATE_INFOPLIST_FILE = YES;
				IPHONEOS_DEPLOYMENT_TARGET = 16.0;
				MARKETING_VERSION = 1.0;
				PRODUCT_BUNDLE_IDENTIFIER = com.sumone.IntentTests;
				PRODUCT_NAME = "$(TARGET_NAME)";
				SWIFT_EMIT_LOC_STRINGS = NO;
				SWIFT_VERSION = 5.0;
				TARGETED_DEVICE_FAMILY = "1,2";
				TEST_HOST = "$(BUILT_PRODUCTS_DIR)/Intent.app/$(BUNDLE_EXECUTABLE_FOLDER_PATH)/Intent";
			};
			name = Release;
		};
/* End XCBuildConfiguration section */

/* Begin XCConfigurationList section */
		C701678F2B34BBF60085A33D /* Build configuration list for PBXNativeTarget "HabitWidgetExtension" */ = {
			isa = XCConfigurationList;
			buildConfigurations = (
				C70167902B34BBF60085A33D /* Debug */,
				C70167912B34BBF60085A33D /* Release */,
			);
			defaultConfigurationIsVisible = 0;
			defaultConfigurationName = Release;
		};
		C70167A62B34C2330085A33D /* Build configuration list for PBXNativeTarget "HabitProgressIntentExtension" */ = {
			isa = XCConfigurationList;
			buildConfigurations = (
				C70167A72B34C2330085A33D /* Debug */,
				C70167A82B34C2330085A33D /* Release */,
			);
			defaultConfigurationIsVisible = 0;
			defaultConfigurationName = Release;
		};
		C73D0673292815370055B13B /* Build configuration list for PBXProject "Intent" */ = {
			isa = XCConfigurationList;
			buildConfigurations = (
				C73D069A292815380055B13B /* Debug */,
				C73D069B292815380055B13B /* Release */,
			);
			defaultConfigurationIsVisible = 0;
			defaultConfigurationName = Release;
		};
		C73D069C292815380055B13B /* Build configuration list for PBXNativeTarget "Intent" */ = {
			isa = XCConfigurationList;
			buildConfigurations = (
				C73D069D292815380055B13B /* Debug */,
				C73D069E292815380055B13B /* Release */,
			);
			defaultConfigurationIsVisible = 0;
			defaultConfigurationName = Release;
		};
		C73D069F292815380055B13B /* Build configuration list for PBXNativeTarget "IntentTests" */ = {
			isa = XCConfigurationList;
			buildConfigurations = (
				C73D06A0292815380055B13B /* Debug */,
				C73D06A1292815380055B13B /* Release */,
			);
			defaultConfigurationIsVisible = 0;
			defaultConfigurationName = Release;
		};
/* End XCConfigurationList section */

/* Begin XCVersionGroup section */
		C73D06A9292815B30055B13B /* CoreDataModel.xcdatamodeld */ = {
			isa = XCVersionGroup;
			children = (
				C73D06AA292815B30055B13B /* CoreDataModel.xcdatamodel */,
			);
			currentVersion = C73D06AA292815B30055B13B /* CoreDataModel.xcdatamodel */;
			path = CoreDataModel.xcdatamodeld;
			sourceTree = "<group>";
			versionGroupType = wrapper.xcdatamodel;
		};
/* End XCVersionGroup section */
	};
	rootObject = C73D0670292815370055B13B /* Project object */;
}
